
Microsoft Visual Studio Solution File, Format Version 12.00
# Visual Studio Version 16
VisualStudioVersion = 16.0.29911.84
MinimumVisualStudioVersion = 10.0.40219.1
Project("{FAE04EC0-301F-11D3-BF4B-00C04F79EFBC}") = "Property Management", "Property Management.csproj", "{11845809-A1B5-47B0-9914-16B4F2AAFE62}"
EndProject
Global
	GlobalSection(SolutionConfigurationPlatforms) = preSolution
		Debug|Any CPU = Debug|Any CPU
		Release|Any CPU = Release|Any CPU
	EndGlobalSection
	GlobalSection(ProjectConfigurationPlatforms) = postSolution
		{11845809-A1B5-47B0-9914-16B4F2AAFE62}.Debug|Any CPU.ActiveCfg = Debug|Any CPU
		{11845809-A1B5-47B0-9914-16B4F2AAFE62}.Debug|Any CPU.Build.0 = Debug|Any CPU
		{11845809-A1B5-47B0-9914-16B4F2AAFE62}.Release|Any CPU.ActiveCfg = Release|Any CPU
		{11845809-A1B5-47B0-9914-16B4F2AAFE62}.Release|Any CPU.Build.0 = Release|Any CPU
	EndGlobalSection
	GlobalSection(SolutionProperties) = preSolution
		HideSolutionNode = FALSE
	EndGlobalSection
	GlobalSection(ExtensibilityGlobals) = postSolution
		SolutionGuid = {B5ACEBE8-0D96-4FD7-923B-C1294292237D}
	EndGlobalSection
EndGlobal
